
Microsoft Visual Studio Solution File, Format Version 12.00
# Visual Studio Version 16
VisualStudioVersion = 16.0.32602.291
MinimumVisualStudioVersion = 10.0.40219.1
Project("{FAE04EC0-301F-11D3-BF4B-00C04F79EFBC}") = "Exercicio9", "Exercicio9\Exercicio9.csproj", "{372E50F4-13C7-4468-8B0E-3762A63FA9B6}"
EndProject
Global
	GlobalSection(SolutionConfigurationPlatforms) = preSolution
		Debug|Any CPU = Debug|Any CPU
		Release|Any CPU = Release|Any CPU
	EndGlobalSection
	GlobalSection(ProjectConfigurationPlatforms) = postSolution
		{372E50F4-13C7-4468-8B0E-3762A63FA9B6}.Debug|Any CPU.ActiveCfg = Debug|Any CPU
		{372E50F4-13C7-4468-8B0E-3762A63FA9B6}.Debug|Any CPU.Build.0 = Debug|Any CPU
		{372E50F4-13C7-4468-8B0E-3762A63FA9B6}.Release|Any CPU.ActiveCfg = Release|Any CPU
		{372E50F4-13C7-4468-8B0E-3762A63FA9B6}.Release|Any CPU.Build.0 = Release|Any CPU
	EndGlobalSection
	GlobalSection(SolutionProperties) = preSolution
		HideSolutionNode = FALSE
	EndGlobalSection
	GlobalSection(ExtensibilityGlobals) = postSolution
		SolutionGuid = {DD0B33DC-4C1C-46A1-9BB6-D5185EBC7A1B}
	EndGlobalSection
EndGlobal
