
Microsoft Visual Studio Solution File, Format Version 12.00
# Visual Studio Version 16
VisualStudioVersion = 16.0.32602.291
MinimumVisualStudioVersion = 10.0.40219.1
Project("{FAE04EC0-301F-11D3-BF4B-00C04F79EFBC}") = "Exercicio7", "Exercicio7\Exercicio7.csproj", "{950AEEA1-FA98-43FF-B9A4-D4987B716BC4}"
EndProject
Global
	GlobalSection(SolutionConfigurationPlatforms) = preSolution
		Debug|Any CPU = Debug|Any CPU
		Release|Any CPU = Release|Any CPU
	EndGlobalSection
	GlobalSection(ProjectConfigurationPlatforms) = postSolution
		{950AEEA1-FA98-43FF-B9A4-D4987B716BC4}.Debug|Any CPU.ActiveCfg = Debug|Any CPU
		{950AEEA1-FA98-43FF-B9A4-D4987B716BC4}.Debug|Any CPU.Build.0 = Debug|Any CPU
		{950AEEA1-FA98-43FF-B9A4-D4987B716BC4}.Release|Any CPU.ActiveCfg = Release|Any CPU
		{950AEEA1-FA98-43FF-B9A4-D4987B716BC4}.Release|Any CPU.Build.0 = Release|Any CPU
	EndGlobalSection
	GlobalSection(SolutionProperties) = preSolution
		HideSolutionNode = FALSE
	EndGlobalSection
	GlobalSection(ExtensibilityGlobals) = postSolution
		SolutionGuid = {D4F02FD9-266F-4130-A1FD-133D1BE9C1A6}
	EndGlobalSection
EndGlobal
