
Microsoft Visual Studio Solution File, Format Version 12.00
# Visual Studio Version 16
VisualStudioVersion = 16.0.32602.291
MinimumVisualStudioVersion = 10.0.40219.1
Project("{FAE04EC0-301F-11D3-BF4B-00C04F79EFBC}") = "Exercicio5", "Exercicio5\Exercicio5.csproj", "{BAA11AB0-92C5-459E-90EE-EF5225CECDFF}"
EndProject
Global
	GlobalSection(SolutionConfigurationPlatforms) = preSolution
		Debug|Any CPU = Debug|Any CPU
		Release|Any CPU = Release|Any CPU
	EndGlobalSection
	GlobalSection(ProjectConfigurationPlatforms) = postSolution
		{BAA11AB0-92C5-459E-90EE-EF5225CECDFF}.Debug|Any CPU.ActiveCfg = Debug|Any CPU
		{BAA11AB0-92C5-459E-90EE-EF5225CECDFF}.Debug|Any CPU.Build.0 = Debug|Any CPU
		{BAA11AB0-92C5-459E-90EE-EF5225CECDFF}.Release|Any CPU.ActiveCfg = Release|Any CPU
		{BAA11AB0-92C5-459E-90EE-EF5225CECDFF}.Release|Any CPU.Build.0 = Release|Any CPU
	EndGlobalSection
	GlobalSection(SolutionProperties) = preSolution
		HideSolutionNode = FALSE
	EndGlobalSection
	GlobalSection(ExtensibilityGlobals) = postSolution
		SolutionGuid = {2064E0AF-6368-48A5-BBAF-9642316A5259}
	EndGlobalSection
EndGlobal
