
Microsoft Visual Studio Solution File, Format Version 12.00
# Visual Studio Version 16
VisualStudioVersion = 16.0.32602.291
MinimumVisualStudioVersion = 10.0.40219.1
Project("{FAE04EC0-301F-11D3-BF4B-00C04F79EFBC}") = "Exercico16", "Exercico16\Exercico16.csproj", "{5C23114F-037A-45BF-88A8-136EFC3BF2D2}"
EndProject
Global
	GlobalSection(SolutionConfigurationPlatforms) = preSolution
		Debug|Any CPU = Debug|Any CPU
		Release|Any CPU = Release|Any CPU
	EndGlobalSection
	GlobalSection(ProjectConfigurationPlatforms) = postSolution
		{5C23114F-037A-45BF-88A8-136EFC3BF2D2}.Debug|Any CPU.ActiveCfg = Debug|Any CPU
		{5C23114F-037A-45BF-88A8-136EFC3BF2D2}.Debug|Any CPU.Build.0 = Debug|Any CPU
		{5C23114F-037A-45BF-88A8-136EFC3BF2D2}.Release|Any CPU.ActiveCfg = Release|Any CPU
		{5C23114F-037A-45BF-88A8-136EFC3BF2D2}.Release|Any CPU.Build.0 = Release|Any CPU
	EndGlobalSection
	GlobalSection(SolutionProperties) = preSolution
		HideSolutionNode = FALSE
	EndGlobalSection
	GlobalSection(ExtensibilityGlobals) = postSolution
		SolutionGuid = {70AF8C45-964D-428C-9AF9-5032715A8A93}
	EndGlobalSection
EndGlobal
